
Microsoft Visual Studio Solution File, Format Version 12.00
# Visual Studio Version 16
VisualStudioVersion = 16.0.32002.261
MinimumVisualStudioVersion = 10.0.40219.1
Project("{8BC9CEB8-8B4A-11D0-8D11-00A0C91BC942}") = "22_05_19", "solvedAc\solvedAc.vcxproj", "{05397C8E-04FE-4DBC-8060-C991427E3045}"
EndProject
Project("{8BC9CEB8-8B4A-11D0-8D11-00A0C91BC942}") = "Date 22_05_23", "22_05_23\22_05_23.vcxproj", "{5C2399EA-3602-49E7-9D7C-87C59099C87A}"
EndProject
Project("{8BC9CEB8-8B4A-11D0-8D11-00A0C91BC942}") = "Date 22_05_25", "Date 22_05_25\Date 22_05_25.vcxproj", "{AFE86820-EE9E-439D-9622-4A81B888705F}"
EndProject
Project("{8BC9CEB8-8B4A-11D0-8D11-00A0C91BC942}") = "Date 22_05_26", "Date 22_05_26\Date 22_05_26.vcxproj", "{2CCFCB99-B6BD-4A83-BECC-948DB41E1411}"
EndProject
Project("{8BC9CEB8-8B4A-11D0-8D11-00A0C91BC942}") = "Date 22_05_27", "Date 22_05_27\Date 22_05_27.vcxproj", "{4EDF56F1-6BBD-4ACD-A3C5-7E473F29E707}"
EndProject
Project("{8BC9CEB8-8B4A-11D0-8D11-00A0C91BC942}") = "Date 22_05_28", "Date 22_05_28\Date 22_05_28.vcxproj", "{30E451AC-EB0F-41B8-BEED-6AD1E3761A21}"
EndProject
Project("{8BC9CEB8-8B4A-11D0-8D11-00A0C91BC942}") = "Date 22_05_30", "Date 22_05_30\Date 22_05_30.vcxproj", "{F1AF6190-6810-4527-BB8B-9338BCFD928E}"
EndProject
Project("{8BC9CEB8-8B4A-11D0-8D11-00A0C91BC942}") = "Date 22_05_31", "Date 22_05_31\Date 22_05_31.vcxproj", "{D0DC4D32-C5D7-47BA-928A-B97D92E3A212}"
EndProject
Project("{8BC9CEB8-8B4A-11D0-8D11-00A0C91BC942}") = "Date 22_06_01", "Date 22_06_01\Date 22_06_01.vcxproj", "{3AB01987-94DB-41F9-BCAC-A164C9B0C391}"
EndProject
Project("{8BC9CEB8-8B4A-11D0-8D11-00A0C91BC942}") = "Date 22_06_02", "Date 22_06_02\Date 22_06_02.vcxproj", "{D55A6785-9492-4CF5-A918-72F48583B784}"
EndProject
Project("{8BC9CEB8-8B4A-11D0-8D11-00A0C91BC942}") = "Date 22_06_03", "Date 22_06_03\Date 22_06_03.vcxproj", "{8B16D4DA-BA06-4FDE-A1F5-2FA64CBB91B3}"
EndProject
Project("{8BC9CEB8-8B4A-11D0-8D11-00A0C91BC942}") = "Date 22_06_05", "Date 22_06_05\Date 22_06_05.vcxproj", "{65603C9D-E9C4-4F33-B0EF-664FBA9BBC63}"
EndProject
Project("{8BC9CEB8-8B4A-11D0-8D11-00A0C91BC942}") = "Date 22_06_06", "Date 22_06_06\Date 22_06_06.vcxproj", "{EEFE67D0-6958-4133-BD55-844ACB7BDB92}"
EndProject
Project("{8BC9CEB8-8B4A-11D0-8D11-00A0C91BC942}") = "Date 22_06_07", "Date 22_06_07\Date 22_06_07.vcxproj", "{BCC498E3-6C86-4F14-AD21-9DC4D8D426A2}"
EndProject
Project("{8BC9CEB8-8B4A-11D0-8D11-00A0C91BC942}") = "Date 22_06_08", "Date 22_06_08\Date 22_06_08.vcxproj", "{A818597E-F4F5-4F44-9645-C2817050E26B}"
EndProject
Project("{8BC9CEB8-8B4A-11D0-8D11-00A0C91BC942}") = "Date 22_06_09", "Date 22_06_09\Date 22_06_09.vcxproj", "{8BE44790-D008-4290-81C4-B20D25E4D7EF}"
EndProject
Project("{8BC9CEB8-8B4A-11D0-8D11-00A0C91BC942}") = "Date 22_06_10", "Date 22_06_10\Date 22_06_10.vcxproj", "{6C173B23-55E7-460F-9A69-151049AB319F}"
EndProject
Project("{8BC9CEB8-8B4A-11D0-8D11-00A0C91BC942}") = "vmxhdans", "vmxhdans\vmxhdans.vcxproj", "{5F702B63-0C97-4345-9D56-54CF0104486E}"
EndProject
Project("{8BC9CEB8-8B4A-11D0-8D11-00A0C91BC942}") = "Date 22_06_20", "Date 22_06_20\Date 22_06_20.vcxproj", "{6E50C190-6E96-454C-A385-1E556185EAFE}"
EndProject
Project("{8BC9CEB8-8B4A-11D0-8D11-00A0C91BC942}") = "Date 22_06_23", "Date 22_06_23\Date 22_06_23.vcxproj", "{E5232EC9-9297-4E51-A47A-9174B9AD9659}"
EndProject
Global
	GlobalSection(SolutionConfigurationPlatforms) = preSolution
		Debug|x64 = Debug|x64
		Debug|x86 = Debug|x86
		Release|x64 = Release|x64
		Release|x86 = Release|x86
	EndGlobalSection
	GlobalSection(ProjectConfigurationPlatforms) = postSolution
		{05397C8E-04FE-4DBC-8060-C991427E3045}.Debug|x64.ActiveCfg = Debug|x64
		{05397C8E-04FE-4DBC-8060-C991427E3045}.Debug|x64.Build.0 = Debug|x64
		{05397C8E-04FE-4DBC-8060-C991427E3045}.Debug|x86.ActiveCfg = Debug|Win32
		{05397C8E-04FE-4DBC-8060-C991427E3045}.Debug|x86.Build.0 = Debug|Win32
		{05397C8E-04FE-4DBC-8060-C991427E3045}.Release|x64.ActiveCfg = Release|x64
		{05397C8E-04FE-4DBC-8060-C991427E3045}.Release|x64.Build.0 = Release|x64
		{05397C8E-04FE-4DBC-8060-C991427E3045}.Release|x86.ActiveCfg = Release|Win32
		{05397C8E-04FE-4DBC-8060-C991427E3045}.Release|x86.Build.0 = Release|Win32
		{5C2399EA-3602-49E7-9D7C-87C59099C87A}.Debug|x64.ActiveCfg = Debug|x64
		{5C2399EA-3602-49E7-9D7C-87C59099C87A}.Debug|x64.Build.0 = Debug|x64
		{5C2399EA-3602-49E7-9D7C-87C59099C87A}.Debug|x86.ActiveCfg = Debug|Win32
		{5C2399EA-3602-49E7-9D7C-87C59099C87A}.Debug|x86.Build.0 = Debug|Win32
		{5C2399EA-3602-49E7-9D7C-87C59099C87A}.Release|x64.ActiveCfg = Release|x64
		{5C2399EA-3602-49E7-9D7C-87C59099C87A}.Release|x64.Build.0 = Release|x64
		{5C2399EA-3602-49E7-9D7C-87C59099C87A}.Release|x86.ActiveCfg = Release|Win32
		{5C2399EA-3602-49E7-9D7C-87C59099C87A}.Release|x86.Build.0 = Release|Win32
		{AFE86820-EE9E-439D-9622-4A81B888705F}.Debug|x64.ActiveCfg = Debug|x64
		{AFE86820-EE9E-439D-9622-4A81B888705F}.Debug|x64.Build.0 = Debug|x64
		{AFE86820-EE9E-439D-9622-4A81B888705F}.Debug|x86.ActiveCfg = Debug|Win32
		{AFE86820-EE9E-439D-9622-4A81B888705F}.Debug|x86.Build.0 = Debug|Win32
		{AFE86820-EE9E-439D-9622-4A81B888705F}.Release|x64.ActiveCfg = Release|x64
		{AFE86820-EE9E-439D-9622-4A81B888705F}.Release|x64.Build.0 = Release|x64
		{AFE86820-EE9E-439D-9622-4A81B888705F}.Release|x86.ActiveCfg = Release|Win32
		{AFE86820-EE9E-439D-9622-4A81B888705F}.Release|x86.Build.0 = Release|Win32
		{2CCFCB99-B6BD-4A83-BECC-948DB41E1411}.Debug|x64.ActiveCfg = Debug|x64
		{2CCFCB99-B6BD-4A83-BECC-948DB41E1411}.Debug|x64.Build.0 = Debug|x64
		{2CCFCB99-B6BD-4A83-BECC-948DB41E1411}.Debug|x86.ActiveCfg = Debug|Win32
		{2CCFCB99-B6BD-4A83-BECC-948DB41E1411}.Debug|x86.Build.0 = Debug|Win32
		{2CCFCB99-B6BD-4A83-BECC-948DB41E1411}.Release|x64.ActiveCfg = Release|x64
		{2CCFCB99-B6BD-4A83-BECC-948DB41E1411}.Release|x64.Build.0 = Release|x64
		{2CCFCB99-B6BD-4A83-BECC-948DB41E1411}.Release|x86.ActiveCfg = Release|Win32
		{2CCFCB99-B6BD-4A83-BECC-948DB41E1411}.Release|x86.Build.0 = Release|Win32
		{4EDF56F1-6BBD-4ACD-A3C5-7E473F29E707}.Debug|x64.ActiveCfg = Debug|x64
		{4EDF56F1-6BBD-4ACD-A3C5-7E473F29E707}.Debug|x64.Build.0 = Debug|x64
		{4EDF56F1-6BBD-4ACD-A3C5-7E473F29E707}.Debug|x86.ActiveCfg = Debug|Win32
		{4EDF56F1-6BBD-4ACD-A3C5-7E473F29E707}.Debug|x86.Build.0 = Debug|Win32
		{4EDF56F1-6BBD-4ACD-A3C5-7E473F29E707}.Release|x64.ActiveCfg = Release|x64
		{4EDF56F1-6BBD-4ACD-A3C5-7E473F29E707}.Release|x64.Build.0 = Release|x64
		{4EDF56F1-6BBD-4ACD-A3C5-7E473F29E707}.Release|x86.ActiveCfg = Release|Win32
		{4EDF56F1-6BBD-4ACD-A3C5-7E473F29E707}.Release|x86.Build.0 = Release|Win32
		{30E451AC-EB0F-41B8-BEED-6AD1E3761A21}.Debug|x64.ActiveCfg = Debug|x64
		{30E451AC-EB0F-41B8-BEED-6AD1E3761A21}.Debug|x64.Build.0 = Debug|x64
		{30E451AC-EB0F-41B8-BEED-6AD1E3761A21}.Debug|x86.ActiveCfg = Debug|Win32
		{30E451AC-EB0F-41B8-BEED-6AD1E3761A21}.Debug|x86.Build.0 = Debug|Win32
		{30E451AC-EB0F-41B8-BEED-6AD1E3761A21}.Release|x64.ActiveCfg = Release|x64
		{30E451AC-EB0F-41B8-BEED-6AD1E3761A21}.Release|x64.Build.0 = Release|x64
		{30E451AC-EB0F-41B8-BEED-6AD1E3761A21}.Release|x86.ActiveCfg = Release|Win32
		{30E451AC-EB0F-41B8-BEED-6AD1E3761A21}.Release|x86.Build.0 = Release|Win32
		{F1AF6190-6810-4527-BB8B-9338BCFD928E}.Debug|x64.ActiveCfg = Debug|x64
		{F1AF6190-6810-4527-BB8B-9338BCFD928E}.Debug|x64.Build.0 = Debug|x64
		{F1AF6190-6810-4527-BB8B-9338BCFD928E}.Debug|x86.ActiveCfg = Debug|Win32
		{F1AF6190-6810-4527-BB8B-9338BCFD928E}.Debug|x86.Build.0 = Debug|Win32
		{F1AF6190-6810-4527-BB8B-9338BCFD928E}.Release|x64.ActiveCfg = Release|x64
		{F1AF6190-6810-4527-BB8B-9338BCFD928E}.Release|x64.Build.0 = Release|x64
		{F1AF6190-6810-4527-BB8B-9338BCFD928E}.Release|x86.ActiveCfg = Release|Win32
		{F1AF6190-6810-4527-BB8B-9338BCFD928E}.Release|x86.Build.0 = Release|Win32
		{D0DC4D32-C5D7-47BA-928A-B97D92E3A212}.Debug|x64.ActiveCfg = Debug|x64
		{D0DC4D32-C5D7-47BA-928A-B97D92E3A212}.Debug|x64.Build.0 = Debug|x64
		{D0DC4D32-C5D7-47BA-928A-B97D92E3A212}.Debug|x86.ActiveCfg = Debug|Win32
		{D0DC4D32-C5D7-47BA-928A-B97D92E3A212}.Debug|x86.Build.0 = Debug|Win32
		{D0DC4D32-C5D7-47BA-928A-B97D92E3A212}.Release|x64.ActiveCfg = Release|x64
		{D0DC4D32-C5D7-47BA-928A-B97D92E3A212}.Release|x64.Build.0 = Release|x64
		{D0DC4D32-C5D7-47BA-928A-B97D92E3A212}.Release|x86.ActiveCfg = Release|Win32
		{D0DC4D32-C5D7-47BA-928A-B97D92E3A212}.Release|x86.Build.0 = Release|Win32
		{3AB01987-94DB-41F9-BCAC-A164C9B0C391}.Debug|x64.ActiveCfg = Debug|x64
		{3AB01987-94DB-41F9-BCAC-A164C9B0C391}.Debug|x64.Build.0 = Debug|x64
		{3AB01987-94DB-41F9-BCAC-A164C9B0C391}.Debug|x86.ActiveCfg = Debug|Win32
		{3AB01987-94DB-41F9-BCAC-A164C9B0C391}.Debug|x86.Build.0 = Debug|Win32
		{3AB01987-94DB-41F9-BCAC-A164C9B0C391}.Release|x64.ActiveCfg = Release|x64
		{3AB01987-94DB-41F9-BCAC-A164C9B0C391}.Release|x64.Build.0 = Release|x64
		{3AB01987-94DB-41F9-BCAC-A164C9B0C391}.Release|x86.ActiveCfg = Release|Win32
		{3AB01987-94DB-41F9-BCAC-A164C9B0C391}.Release|x86.Build.0 = Release|Win32
		{D55A6785-9492-4CF5-A918-72F48583B784}.Debug|x64.ActiveCfg = Debug|x64
		{D55A6785-9492-4CF5-A918-72F48583B784}.Debug|x64.Build.0 = Debug|x64
		{D55A6785-9492-4CF5-A918-72F48583B784}.Debug|x86.ActiveCfg = Debug|Win32
		{D55A6785-9492-4CF5-A918-72F48583B784}.Debug|x86.Build.0 = Debug|Win32
		{D55A6785-9492-4CF5-A918-72F48583B784}.Release|x64.ActiveCfg = Release|x64
		{D55A6785-9492-4CF5-A918-72F48583B784}.Release|x64.Build.0 = Release|x64
		{D55A6785-9492-4CF5-A918-72F48583B784}.Release|x86.ActiveCfg = Release|Win32
		{D55A6785-9492-4CF5-A918-72F48583B784}.Release|x86.Build.0 = Release|Win32
		{8B16D4DA-BA06-4FDE-A1F5-2FA64CBB91B3}.Debug|x64.ActiveCfg = Debug|x64
		{8B16D4DA-BA06-4FDE-A1F5-2FA64CBB91B3}.Debug|x64.Build.0 = Debug|x64
		{8B16D4DA-BA06-4FDE-A1F5-2FA64CBB91B3}.Debug|x86.ActiveCfg = Debug|Win32
		{8B16D4DA-BA06-4FDE-A1F5-2FA64CBB91B3}.Debug|x86.Build.0 = Debug|Win32
		{8B16D4DA-BA06-4FDE-A1F5-2FA64CBB91B3}.Release|x64.ActiveCfg = Release|x64
		{8B16D4DA-BA06-4FDE-A1F5-2FA64CBB91B3}.Release|x64.Build.0 = Release|x64
		{8B16D4DA-BA06-4FDE-A1F5-2FA64CBB91B3}.Release|x86.ActiveCfg = Release|Win32
		{8B16D4DA-BA06-4FDE-A1F5-2FA64CBB91B3}.Release|x86.Build.0 = Release|Win32
		{65603C9D-E9C4-4F33-B0EF-664FBA9BBC63}.Debug|x64.ActiveCfg = Debug|x64
		{65603C9D-E9C4-4F33-B0EF-664FBA9BBC63}.Debug|x64.Build.0 = Debug|x64
		{65603C9D-E9C4-4F33-B0EF-664FBA9BBC63}.Debug|x86.ActiveCfg = Debug|Win32
		{65603C9D-E9C4-4F33-B0EF-664FBA9BBC63}.Debug|x86.Build.0 = Debug|Win32
		{65603C9D-E9C4-4F33-B0EF-664FBA9BBC63}.Release|x64.ActiveCfg = Release|x64
		{65603C9D-E9C4-4F33-B0EF-664FBA9BBC63}.Release|x64.Build.0 = Release|x64
		{65603C9D-E9C4-4F33-B0EF-664FBA9BBC63}.Release|x86.ActiveCfg = Release|Win32
		{65603C9D-E9C4-4F33-B0EF-664FBA9BBC63}.Release|x86.Build.0 = Release|Win32
		{EEFE67D0-6958-4133-BD55-844ACB7BDB92}.Debug|x64.ActiveCfg = Debug|x64
		{EEFE67D0-6958-4133-BD55-844ACB7BDB92}.Debug|x64.Build.0 = Debug|x64
		{EEFE67D0-6958-4133-BD55-844ACB7BDB92}.Debug|x86.ActiveCfg = Debug|Win32
		{EEFE67D0-6958-4133-BD55-844ACB7BDB92}.Debug|x86.Build.0 = Debug|Win32
		{EEFE67D0-6958-4133-BD55-844ACB7BDB92}.Release|x64.ActiveCfg = Release|x64
		{EEFE67D0-6958-4133-BD55-844ACB7BDB92}.Release|x64.Build.0 = Release|x64
		{EEFE67D0-6958-4133-BD55-844ACB7BDB92}.Release|x86.ActiveCfg = Release|Win32
		{EEFE67D0-6958-4133-BD55-844ACB7BDB92}.Release|x86.Build.0 = Release|Win32
		{BCC498E3-6C86-4F14-AD21-9DC4D8D426A2}.Debug|x64.ActiveCfg = Debug|x64
		{BCC498E3-6C86-4F14-AD21-9DC4D8D426A2}.Debug|x64.Build.0 = Debug|x64
		{BCC498E3-6C86-4F14-AD21-9DC4D8D426A2}.Debug|x86.ActiveCfg = Debug|Win32
		{BCC498E3-6C86-4F14-AD21-9DC4D8D426A2}.Debug|x86.Build.0 = Debug|Win32
		{BCC498E3-6C86-4F14-AD21-9DC4D8D426A2}.Release|x64.ActiveCfg = Release|x64
		{BCC498E3-6C86-4F14-AD21-9DC4D8D426A2}.Release|x64.Build.0 = Release|x64
		{BCC498E3-6C86-4F14-AD21-9DC4D8D426A2}.Release|x86.ActiveCfg = Release|Win32
		{BCC498E3-6C86-4F14-AD21-9DC4D8D426A2}.Release|x86.Build.0 = Release|Win32
		{A818597E-F4F5-4F44-9645-C2817050E26B}.Debug|x64.ActiveCfg = Debug|x64
		{A818597E-F4F5-4F44-9645-C2817050E26B}.Debug|x64.Build.0 = Debug|x64
		{A818597E-F4F5-4F44-9645-C2817050E26B}.Debug|x86.ActiveCfg = Debug|Win32
		{A818597E-F4F5-4F44-9645-C2817050E26B}.Debug|x86.Build.0 = Debug|Win32
		{A818597E-F4F5-4F44-9645-C2817050E26B}.Release|x64.ActiveCfg = Release|x64
		{A818597E-F4F5-4F44-9645-C2817050E26B}.Release|x64.Build.0 = Release|x64
		{A818597E-F4F5-4F44-9645-C2817050E26B}.Release|x86.ActiveCfg = Release|Win32
		{A818597E-F4F5-4F44-9645-C2817050E26B}.Release|x86.Build.0 = Release|Win32
		{8BE44790-D008-4290-81C4-B20D25E4D7EF}.Debug|x64.ActiveCfg = Debug|x64
		{8BE44790-D008-4290-81C4-B20D25E4D7EF}.Debug|x64.Build.0 = Debug|x64
		{8BE44790-D008-4290-81C4-B20D25E4D7EF}.Debug|x86.ActiveCfg = Debug|Win32
		{8BE44790-D008-4290-81C4-B20D25E4D7EF}.Debug|x86.Build.0 = Debug|Win32
		{8BE44790-D008-4290-81C4-B20D25E4D7EF}.Release|x64.ActiveCfg = Release|x64
		{8BE44790-D008-4290-81C4-B20D25E4D7EF}.Release|x64.Build.0 = Release|x64
		{8BE44790-D008-4290-81C4-B20D25E4D7EF}.Release|x86.ActiveCfg = Release|Win32
		{8BE44790-D008-4290-81C4-B20D25E4D7EF}.Release|x86.Build.0 = Release|Win32
		{6C173B23-55E7-460F-9A69-151049AB319F}.Debug|x64.ActiveCfg = Debug|x64
		{6C173B23-55E7-460F-9A69-151049AB319F}.Debug|x64.Build.0 = Debug|x64
		{6C173B23-55E7-460F-9A69-151049AB319F}.Debug|x86.ActiveCfg = Debug|Win32
		{6C173B23-55E7-460F-9A69-151049AB319F}.Debug|x86.Build.0 = Debug|Win32
		{6C173B23-55E7-460F-9A69-151049AB319F}.Release|x64.ActiveCfg = Release|x64
		{6C173B23-55E7-460F-9A69-151049AB319F}.Release|x64.Build.0 = Release|x64
		{6C173B23-55E7-460F-9A69-151049AB319F}.Release|x86.ActiveCfg = Release|Win32
		{6C173B23-55E7-460F-9A69-151049AB319F}.Release|x86.Build.0 = Release|Win32
		{5F702B63-0C97-4345-9D56-54CF0104486E}.Debug|x64.ActiveCfg = Debug|x64
		{5F702B63-0C97-4345-9D56-54CF0104486E}.Debug|x64.Build.0 = Debug|x64
		{5F702B63-0C97-4345-9D56-54CF0104486E}.Debug|x86.ActiveCfg = Debug|Win32
		{5F702B63-0C97-4345-9D56-54CF0104486E}.Debug|x86.Build.0 = Debug|Win32
		{5F702B63-0C97-4345-9D56-54CF0104486E}.Release|x64.ActiveCfg = Release|x64
		{5F702B63-0C97-4345-9D56-54CF0104486E}.Release|x64.Build.0 = Release|x64
		{5F702B63-0C97-4345-9D56-54CF0104486E}.Release|x86.ActiveCfg = Release|Win32
		{5F702B63-0C97-4345-9D56-54CF0104486E}.Release|x86.Build.0 = Release|Win32
		{6E50C190-6E96-454C-A385-1E556185EAFE}.Debug|x64.ActiveCfg = Debug|x64
		{6E50C190-6E96-454C-A385-1E556185EAFE}.Debug|x64.Build.0 = Debug|x64
		{6E50C190-6E96-454C-A385-1E556185EAFE}.Debug|x86.ActiveCfg = Debug|Win32
		{6E50C190-6E96-454C-A385-1E556185EAFE}.Debug|x86.Build.0 = Debug|Win32
		{6E50C190-6E96-454C-A385-1E556185EAFE}.Release|x64.ActiveCfg = Release|x64
		{6E50C190-6E96-454C-A385-1E556185EAFE}.Release|x64.Build.0 = Release|x64
		{6E50C190-6E96-454C-A385-1E556185EAFE}.Release|x86.ActiveCfg = Release|Win32
		{6E50C190-6E96-454C-A385-1E556185EAFE}.Release|x86.Build.0 = Release|Win32
		{E5232EC9-9297-4E51-A47A-9174B9AD9659}.Debug|x64.ActiveCfg = Debug|x64
		{E5232EC9-9297-4E51-A47A-9174B9AD9659}.Debug|x64.Build.0 = Debug|x64
		{E5232EC9-9297-4E51-A47A-9174B9AD9659}.Debug|x86.ActiveCfg = Debug|Win32
		{E5232EC9-9297-4E51-A47A-9174B9AD9659}.Debug|x86.Build.0 = Debug|Win32
		{E5232EC9-9297-4E51-A47A-9174B9AD9659}.Release|x64.ActiveCfg = Release|x64
		{E5232EC9-9297-4E51-A47A-9174B9AD9659}.Release|x64.Build.0 = Release|x64
		{E5232EC9-9297-4E51-A47A-9174B9AD9659}.Release|x86.ActiveCfg = Release|Win32
		{E5232EC9-9297-4E51-A47A-9174B9AD9659}.Release|x86.Build.0 = Release|Win32
	EndGlobalSection
	GlobalSection(SolutionProperties) = preSolution
		HideSolutionNode = FALSE
	EndGlobalSection
	GlobalSection(ExtensibilityGlobals) = postSolution
		SolutionGuid = {41435C79-AA5D-43C1-ABDB-EB2583FFE961}
	EndGlobalSection
EndGlobal
